{
  "object": {
    "pins": [
      {
        "package": "SwiftSDAIcore",
        "repositoryURL": "https://github.com/tsun7170/SwiftSDAIcore",
        "state": {
          "branch": null,
          "revision": "ebca1969f80ed01108135ad4a75d74ab1e8c4ec6",
          "version": "1.1.0"
        }
      }
    ]
  },
  "version": 1
}
